
Microsoft Visual Studio Solution File, Format Version 12.00
# Visual Studio Version 17
VisualStudioVersion = 17.6.33815.320
MinimumVisualStudioVersion = 10.0.40219.1
Project("{FAE04EC0-301F-11D3-BF4B-00C04F79EFBC}") = "Students_Info", "Students_Info\Students_Info.csproj", "{D0BB7E34-C28E-4ED2-977F-7B4324D7471C}"
EndProject
Global
	GlobalSection(SolutionConfigurationPlatforms) = preSolution
		Debug|Any CPU = Debug|Any CPU
		Release|Any CPU = Release|Any CPU
	EndGlobalSection
	GlobalSection(ProjectConfigurationPlatforms) = postSolution
		{D0BB7E34-C28E-4ED2-977F-7B4324D7471C}.Debug|Any CPU.ActiveCfg = Debug|Any CPU
		{D0BB7E34-C28E-4ED2-977F-7B4324D7471C}.Debug|Any CPU.Build.0 = Debug|Any CPU
		{D0BB7E34-C28E-4ED2-977F-7B4324D7471C}.Release|Any CPU.ActiveCfg = Release|Any CPU
		{D0BB7E34-C28E-4ED2-977F-7B4324D7471C}.Release|Any CPU.Build.0 = Release|Any CPU
	EndGlobalSection
	GlobalSection(SolutionProperties) = preSolution
		HideSolutionNode = FALSE
	EndGlobalSection
	GlobalSection(ExtensibilityGlobals) = postSolution
		SolutionGuid = {455E3FF8-4190-4BC7-B88F-DA1DA4B1C72A}
	EndGlobalSection
EndGlobal
